{
  "lib/evm-cctp-contracts": {
    "rev": "4061786a5726bc05f99fcdb53b0985599f0dbaf7"
  },
  "lib/forge-std": {
    "rev": "77041d2ce690e692d6e03cc812b57d1ddaa4d505"
  },
  "lib/rain.orderbook": {
    "tag": {
      "name": "0.1.0",
      "rev": "8c0bf93d456ea5a20cb6d82466db91b836fe7be1"
    }
  },
  "lib/rain.orderbook.interface": {
    "rev": "ecb42a2262d08ba184c05baef62f4d8c0a57537f"
  }
}