{
  "lockfileVersion": 1,
  "configVersion": 1,
  "workspaces": {
    "": {
      "name": "@st0x/turnkey-message",
      "dependencies": {
        "@turnkey/api-key-stamper": "0.6.14",
        "@turnkey/http": "^6.4.0",
        "proper-lockfile": "4.1.2",
        "smol-toml": "^1.8.0",
        "viem": "^2.56.3",
      },
      "devDependencies": {
        "@types/bun": "^1.2.22",
        "@types/proper-lockfile": "4.1.4",
        "prettier": "^3.7.4",
        "typescript": "^5.9.3",
      },
    },
  },
  "packages": {
    "@adraffy/ens-normalize": ["@adraffy/ens-normalize@1.11.1", "", {}, "sha512-nhCBV3quEgesuf7c7KYfperqSS14T8bYuvJ8PcLJp6znkZpFc0AuW4qBtr8eKVyPPe/8RSr7sglCWPU5eaxwKQ=="],

    "@noble/ciphers": ["@noble/ciphers@1.3.0", "", {}, "sha512-2I0gnIVPtfnMw9ee9h1dJG7tp81+8Ob3OJb3Mv37rx5L40/b0i7djjCVvGOVqc9AEIQyvyu1i6ypKdFw8R8gQw=="],

    "@noble/curves": ["@noble/curves@1.9.1", "", { "dependencies": { "@noble/hashes": "1.8.0" } }, "sha512-k11yZxZg+t+gWvBbIswW0yoJlu8cHOC7dhunwOzoWH/mXGBiYyR4YY6hAEK/3EUs4UpB8la1RfdRpeGsFHkWsA=="],

    "@noble/hashes": ["@noble/hashes@1.8.0", "", {}, "sha512-jCs9ldd7NwzpgXDIf6P3+NrHh9/sD6CQdxHyjQI+h/6rDNo88ypBxxz45UDuZHz9r3tNz7N/VInSVoVdtXEI4A=="],

    "@peculiar/asn1-cms": ["@peculiar/asn1-cms@2.9.4", "", { "dependencies": { "@peculiar/asn1-schema": "^2.9.4", "@peculiar/asn1-x509": "^2.9.4", "@peculiar/asn1-x509-attr": "^2.9.4", "asn1js": "^3.0.10", "tslib": "^2.8.1" } }, "sha512-cben7oxmQsUGZqotus7yt0srYdncOT6RNWcTQ77T2RFOXejYVYkXadrfePdRcrVpO9K95IRLKKglG2k38jKXuw=="],

    "@peculiar/asn1-csr": ["@peculiar/asn1-csr@2.9.4", "", { "dependencies": { "@peculiar/asn1-schema": "^2.9.4", "@peculiar/asn1-x509": "^2.9.4", "asn1js": "^3.0.10", "tslib": "^2.8.1" } }, "sha512-xd4YN4vpRjkDAQWVfZZkeu12IEND7DOpkqaHSIHxZl1uggUNa9Ju0QxY2jHvDAS9pP0zhRBytg8ifsnGo3V0jw=="],

    "@peculiar/asn1-ecc": ["@peculiar/asn1-ecc@2.9.4", "", { "dependencies": { "@peculiar/asn1-schema": "^2.9.4", "@peculiar/asn1-x509": "^2.9.4", "asn1js": "^3.0.10", "tslib": "^2.8.1" } }, "sha512-JJXefFshRAuVAjWQo/39bkg1ywc1VaiO44S8RRC+Ykvf/u2KDmYffoDb0ZBPCR5uJy4AGKQhl8mX+Q8ShcWaXQ=="],

    "@peculiar/asn1-pfx": ["@peculiar/asn1-pfx@2.9.4", "", { "dependencies": { "@peculiar/asn1-cms": "^2.9.4", "@peculiar/asn1-pkcs8": "^2.9.4", "@peculiar/asn1-rsa": "^2.9.4", "@peculiar/asn1-schema": "^2.9.4", "asn1js": "^3.0.10", "tslib": "^2.8.1" } }, "sha512-khuGzHTzNzk4GDlIBEILyIs6Lce0yn0ZBdoI9v93kmNncfZRhD+AQ5ODFqdhvoE8cMJF/JMTQ8yA+t1D14kqCw=="],

    "@peculiar/asn1-pkcs8": ["@peculiar/asn1-pkcs8@2.9.4", "", { "dependencies": { "@peculiar/asn1-schema": "^2.9.4", "@peculiar/asn1-x509": "^2.9.4", "asn1js": "^3.0.10", "tslib": "^2.8.1" } }, "sha512-duRdotlUx9eDZe6QrQpQKl61RbWykCHBCkKayP8V8XdEFwlKHZ8qGGDMyS6Pye7OX7nLFttTTpRkJeet78ckwQ=="],

    "@peculiar/asn1-pkcs9": ["@peculiar/asn1-pkcs9@2.9.4", "", { "dependencies": { "@peculiar/asn1-cms": "^2.9.4", "@peculiar/asn1-pfx": "^2.9.4", "@peculiar/asn1-pkcs8": "^2.9.4", "@peculiar/asn1-schema": "^2.9.4", "@peculiar/asn1-x509": "^2.9.4", "@peculiar/asn1-x509-attr": "^2.9.4", "asn1js": "^3.0.10", "tslib": "^2.8.1" } }, "sha512-kaL4cNxBpdQE2dKlyZBqz4ygCrwffO+8wfoxTEqM1Z8RadvCeELBRzcv0dzM8aY9azHMwODO5nxU65zXmhToOQ=="],

    "@peculiar/asn1-rsa": ["@peculiar/asn1-rsa@2.9.4", "", { "dependencies": { "@peculiar/asn1-schema": "^2.9.4", "@peculiar/asn1-x509": "^2.9.4", "asn1js": "^3.0.10", "tslib": "^2.8.1" } }, "sha512-pZ96eD1PptovcWQ/GSmuNFXd/7EQJNlKfDaNCyE2rx3W0v6QFelkzquVqRSRyyDXXCYD69ZXJDzZ8GhIiQzKoA=="],

    "@peculiar/asn1-schema": ["@peculiar/asn1-schema@2.9.4", "", { "dependencies": { "@peculiar/utils": "^2.0.2", "asn1js": "^3.0.10", "tslib": "^2.8.1" } }, "sha512-GjzePcT9Iw8NzeOPf73iNS9xM+TBhd/FilAfP+RQGkTMQJTVWtytN3JHJACCjf/ABNau5S7mS3g+DcuxmRgYEg=="],

    "@peculiar/asn1-x509": ["@peculiar/asn1-x509@2.9.4", "", { "dependencies": { "@peculiar/asn1-schema": "^2.9.4", "@peculiar/utils": "^2.0.2", "asn1js": "^3.0.10", "tslib": "^2.8.1" } }, "sha512-CxhBo/RdEbMMob7T31ZdQjGuoyRFLVwrDzTn25bihzBasRg9kRm/0IxIPvhgQtcK/9dNcO1XQL2fuPugwELL0Q=="],

    "@peculiar/asn1-x509-attr": ["@peculiar/asn1-x509-attr@2.9.4", "", { "dependencies": { "@peculiar/asn1-schema": "^2.9.4", "@peculiar/asn1-x509": "^2.9.4", "asn1js": "^3.0.10", "tslib": "^2.8.1" } }, "sha512-ehQXbpQaQYycgu8OrvigwSPTFfVRcu0ECNYCWw+yzBp02Lw5paRqzzhUpfOgO2K38+WfFZuEz/0RPtam5g0OMg=="],

    "@peculiar/utils": ["@peculiar/utils@2.0.3", "", { "dependencies": { "tslib": "^2.8.1" } }, "sha512-+oL3HPFRIZ1St2K50lWCXiioIgSoxzz7R1J3uF6neO2yl1sgmpgY6XXJH4BdpoDkMWznQTeYF6oWNDZLCdQ4eQ=="],

    "@peculiar/x509": ["@peculiar/x509@1.12.3", "", { "dependencies": { "@peculiar/asn1-cms": "^2.3.13", "@peculiar/asn1-csr": "^2.3.13", "@peculiar/asn1-ecc": "^2.3.14", "@peculiar/asn1-pkcs9": "^2.3.13", "@peculiar/asn1-rsa": "^2.3.13", "@peculiar/asn1-schema": "^2.3.13", "@peculiar/asn1-x509": "^2.3.13", "pvtsutils": "^1.3.5", "reflect-metadata": "^0.2.2", "tslib": "^2.7.0", "tsyringe": "^4.8.0" } }, "sha512-+Mzq+W7cNEKfkNZzyLl6A6ffqc3r21HGZUezgfKxpZrkORfOqgRXnS80Zu0IV6a9Ue9QBJeKD7kN0iWfc3bhRQ=="],

    "@scure/base": ["@scure/base@1.2.6", "", {}, "sha512-g/nm5FgUa//MCj1gV09zTJTaM6KBAHqLN907YVQqf7zC49+DcO4B1so4ZX07Ef10Twr6nuqYEH9GEggFXA4Fmg=="],

    "@scure/bip32": ["@scure/bip32@1.7.0", "", { "dependencies": { "@noble/curves": "~1.9.0", "@noble/hashes": "~1.8.0", "@scure/base": "~1.2.5" } }, "sha512-E4FFX/N3f4B80AKWp5dP6ow+flD1LQZo/w8UnLGYZO674jS6YnYeepycOOksv+vLPSpgN35wgKgy+ybfTb2SMw=="],

    "@scure/bip39": ["@scure/bip39@1.6.0", "", { "dependencies": { "@noble/hashes": "~1.8.0", "@scure/base": "~1.2.5" } }, "sha512-+lF0BbLiJNwVlev4eKelw1WWLaiKXw7sSl8T6FvBlWkdX+94aGJ4o8XjUdlyhTCjd8c+B3KT3JfS8P0bLRNU6A=="],

    "@turnkey/api-key-stamper": ["@turnkey/api-key-stamper@0.6.14", "", { "dependencies": { "@noble/curves": "^1.3.0", "@turnkey/crypto": "2.12.1", "@turnkey/encoding": "0.6.0", "sha256-uint8array": "^0.10.7" } }, "sha512-6Nydou9nYG/4I7QUB3oDm3c0Sm43cuOGX3KbceT64kHGVztWnmF0zrKPHQKx9UraTsaaaowoFWLv5H5OZB89lQ=="],

    "@turnkey/crypto": ["@turnkey/crypto@2.12.1", "", { "dependencies": { "@noble/ciphers": "1.3.0", "@noble/curves": "1.9.0", "@noble/hashes": "1.8.0", "@peculiar/x509": "1.12.3", "@turnkey/encoding": "0.6.0", "@turnkey/sdk-types": "1.7.0", "borsh": "2.0.0", "cbor-js": "0.1.0" } }, "sha512-JGvA931mwj2idiKXRXYM/70BWikaCy6jDjBRGR9EaQUczwtz4aRqJNmgXCL4aITALYAWXVc+R/+I/07nKvb/Og=="],

    "@turnkey/encoding": ["@turnkey/encoding@0.6.0", "", { "dependencies": { "bs58": "6.0.0", "bs58check": "4.0.0" } }, "sha512-IC8qXvy36+iGAeiaVIuJvB35uU2Ld/RAWI/DRTKS+ttBej0GXhOn48Ouu5mlca4jt8ZEuwXmDVv74A8uBQclsA=="],

    "@turnkey/http": ["@turnkey/http@6.4.0", "", { "dependencies": { "@turnkey/api-key-stamper": "0.6.14", "@turnkey/encoding": "0.6.0", "@turnkey/webauthn-stamper": "0.6.0", "cross-fetch": "^3.1.5" } }, "sha512-3tFJmZiiZrZK7wuv8lFDesCo1DFyXHrU6Nf3gLvbsK73W6hR2w6bNl4FvmHaYwn6QakaVyY6PR6Qvy7ieFMgtA=="],

    "@turnkey/sdk-types": ["@turnkey/sdk-types@1.7.0", "", {}, "sha512-QJjXMZIXsQKuUoQLa98t9sOjimOBd9uNsKJNZXzE+udaCB/l9e0h6BspqDS6oBHmeDqKM8m8Kius7uGZn3sAzw=="],

    "@turnkey/webauthn-stamper": ["@turnkey/webauthn-stamper@0.6.0", "", { "dependencies": { "sha256-uint8array": "^0.10.7" } }, "sha512-jdN17QEnn7RBykEOhtKIialWmDjnDAH8DzbyITwn8jsKcwT1TBNYge89hTUTjbdsDLBAqQw8cHujPdy0RaAqvw=="],

    "@types/bun": ["@types/bun@1.4.2", "", { "dependencies": { "bun-types": "1.4.2" } }, "sha512-GimotNn7+ZV0uVArItBbriZsR1oNf0+WTzPkdcFrzShI7k2norL0uzEaJT8T33dWr7O/c9ZDuAFQrctKCi72oQ=="],

    "@types/node": ["@types/node@22.20.2", "", { "dependencies": { "undici-types": "~6.21.0" } }, "sha512-xlvWf4Vs9n1PEVYwP1n4vvG07M6y8WgvJ2t0vbrWTmijsIHp1cS+uJ2kMIRdY3nHZK0nCYKrPeD171+SzF4/zw=="],

    "@types/proper-lockfile": ["@types/proper-lockfile@4.1.4", "", { "dependencies": { "@types/retry": "*" } }, "sha512-uo2ABllncSqg9F1D4nugVl9v93RmjxF6LJzQLMLDdPaXCUIDPeOJ21Gbqi43xNKzBi/WQ0Q0dICqufzQbMjipQ=="],

    "@types/retry": ["@types/retry@0.12.5", "", {}, "sha512-3xSjTp3v03X/lSQLkczaN9UIEwJMoMCA1+Nb5HfbJEQWogdeQIyVtTvxPXDQjZ5zws8rFQfVfRdz03ARihPJgw=="],

    "abitype": ["abitype@1.2.3", "", { "peerDependencies": { "typescript": ">=5.0.4", "zod": "^3.22.0 || ^4.0.0" }, "optionalPeers": ["typescript", "zod"] }, "sha512-Ofer5QUnuUdTFsBRwARMoWKOH1ND5ehwYhJ3OJ/BQO+StkwQjHw0XyVh4vDttzHB7QOFhPHa/o413PJ82gU/Tg=="],

    "asn1js": ["asn1js@3.0.10", "", { "dependencies": { "pvtsutils": "^1.3.6", "pvutils": "^1.1.5", "tslib": "^2.8.1" } }, "sha512-S2s3aOytiKdFRdulw2qPE51MzjzVOisppcVv7jVFR+Kw0kxwvFrDcYA0h7Ndqbmj0HkMIXYWaoj7fli8kgx1eg=="],

    "base-x": ["base-x@5.0.1", "", {}, "sha512-M7uio8Zt++eg3jPj+rHMfCC+IuygQHHCOU+IYsVtik6FWjuYpVt/+MRKcgsAMHh8mMFAwnB+Bs+mTrFiXjMzKg=="],

    "borsh": ["borsh@2.0.0", "", {}, "sha512-kc9+BgR3zz9+cjbwM8ODoUB4fs3X3I5A/HtX7LZKxCLaMrEeDFoBpnhZY//DTS1VZBSs6S5v46RZRbZjRFspEg=="],

    "bs58": ["bs58@6.0.0", "", { "dependencies": { "base-x": "^5.0.0" } }, "sha512-PD0wEnEYg6ijszw/u8s+iI3H17cTymlrwkKhDhPZq+Sokl3AU4htyBFTjAeNAlCCmg0f53g6ih3jATyCKftTfw=="],

    "bs58check": ["bs58check@4.0.0", "", { "dependencies": { "@noble/hashes": "^1.2.0", "bs58": "^6.0.0" } }, "sha512-FsGDOnFg9aVI9erdriULkd/JjEWONV/lQE5aYziB5PoBsXRind56lh8doIZIc9X4HoxT5x4bLjMWN1/NB8Zp5g=="],

    "bun-types": ["bun-types@1.4.2", "", { "dependencies": { "@types/node": "*" } }, "sha512-bxV1FgK7yBIzjRe5zBozIM4Bem11ZJcCXSrjWRG3YWLt8yFDePu4cLjpebO8OvPeIE9trbyPF4fuj3Cia4Fj3w=="],

    "cbor-js": ["cbor-js@0.1.0", "", {}, "sha512-7sQ/TvDZPl7csT1Sif9G0+MA0I0JOVah8+wWlJVQdVEgIbCzlN/ab3x+uvMNsc34TUvO6osQTAmB2ls80JX6tw=="],

    "cross-fetch": ["cross-fetch@3.2.0", "", { "dependencies": { "node-fetch": "^2.7.0" } }, "sha512-Q+xVJLoGOeIMXZmbUK4HYk+69cQH6LudR0Vu/pRm2YlU/hDV9CiS0gKUMaWY5f2NeUH9C1nV3bsTlCo0FsTV1Q=="],

    "eventemitter3": ["eventemitter3@5.0.1", "", {}, "sha512-GWkBvjiSZK87ELrYOSESUYeVIc9mvLLf/nXalMOS5dYrgZq9o5OVkbZAVM06CVxYsCwH9BDZFPlQTlPA1j4ahA=="],

    "graceful-fs": ["graceful-fs@4.2.11", "", {}, "sha512-RbJ5/jmFcNNCcDV5o9eTnBLJ/HszWV0P73bc+Ff4nS/rJj+YaS6IGyiOL0VoBYX+l1Wrl3k63h/KrH+nhJ0XvQ=="],

    "isows": ["isows@1.0.7", "", { "peerDependencies": { "ws": "*" } }, "sha512-I1fSfDCZL5P0v33sVqeTDSpcstAg/N+wF5HS033mogOVIp4B+oHC7oOCsA3axAbBSGTJ8QubbNmnIRN/h8U7hg=="],

    "node-fetch": ["node-fetch@2.7.0", "", { "dependencies": { "whatwg-url": "^5.0.0" }, "peerDependencies": { "encoding": "^0.1.0" }, "optionalPeers": ["encoding"] }, "sha512-c4FRfUm/dbcWZ7U+1Wq0AwCyFL+3nt2bEw05wfxSz+DWpWsitgmSgYmy2dQdWyKC1694ELPqMs/YzUSNozLt8A=="],

    "ox": ["ox@0.14.44", "", { "dependencies": { "@adraffy/ens-normalize": "^1.11.0", "@noble/ciphers": "^1.3.0", "@noble/curves": "1.9.1", "@noble/hashes": "^1.8.0", "@scure/bip32": "^1.7.0", "@scure/bip39": "^1.6.0", "abitype": "^1.2.3", "eventemitter3": "5.0.1" }, "peerDependencies": { "typescript": ">=5.4.0" }, "optionalPeers": ["typescript"] }, "sha512-O54qXXHEk4ySamMSyBpI0AeBegS5frxU6+LA6Jb9Sf6kMOxcTNaxYmwZfpOu22DIQsdKfgQxHq8EsAGaoBQScA=="],

    "prettier": ["prettier@3.9.6", "", { "bin": { "prettier": "bin/prettier.cjs" } }, "sha512-OpN0zzVdiaiAhxpuuj5efpIS4sY9j7bY6uR5mnj5yPzGkdkjNKSJeUThPb60Jw29QuAZgA4o+/iB49kFiaBX6g=="],

    "proper-lockfile": ["proper-lockfile@4.1.2", "", { "dependencies": { "graceful-fs": "^4.2.4", "retry": "^0.12.0", "signal-exit": "^3.0.2" } }, "sha512-TjNPblN4BwAWMXU8s9AEz4JmQxnD1NNL7bNOY/AKUzyamc379FWASUhc/K1pL2noVb+XmZKLL68cjzLsiOAMaA=="],

    "pvtsutils": ["pvtsutils@1.3.6", "", { "dependencies": { "tslib": "^2.8.1" } }, "sha512-PLgQXQ6H2FWCaeRak8vvk1GW462lMxB5s3Jm673N82zI4vqtVUPuZdffdZbPDFRoU8kAhItWFtPCWiPpp4/EDg=="],

    "pvutils": ["pvutils@1.2.0", "", {}, "sha512-BbubeCEyTuQjVMakvJQ/Sxbc93F2pwmbsxONT/ZRrwU7Ua38d8unYTwXpTVLAKJ4BDuH9IGztCjQcd/N/39Dvg=="],

    "reflect-metadata": ["reflect-metadata@0.2.2", "", {}, "sha512-urBwgfrvVP/eAyXx4hluJivBKzuEbSQs9rKWCrCkbSxNv8mxPcUZKeuoF3Uy4mJl3Lwprp6yy5/39VWigZ4K6Q=="],

    "retry": ["retry@0.12.0", "", {}, "sha512-9LkiTwjUh6rT555DtE9rTX+BKByPfrMzEAtnlEtdEwr3Nkffwiihqe2bWADg+OQRjt9gl6ICdmB/ZFDCGAtSow=="],

    "sha256-uint8array": ["sha256-uint8array@0.10.7", "", {}, "sha512-1Q6JQU4tX9NqsDGodej6pkrUVQVNapLZnvkwIhddH/JqzBZF1fSaxSWNY6sziXBE8aEa2twtGkXUrwzGeZCMpQ=="],

    "signal-exit": ["signal-exit@3.0.7", "", {}, "sha512-wnD2ZE+l+SPC/uoS0vXeE9L1+0wuaMqKlfz9AMUo38JsyLSBWSFcHR1Rri62LZc12vLr1gb3jl7iwQhgwpAbGQ=="],

    "smol-toml": ["smol-toml@1.8.0", "", {}, "sha512-kCZr2V3ch9i00x8zXRhjUNVcjG9ijES5dDudkXvUVCT5QlJNQWElSJdZqyPemffHoLNUYwOcou0Fy+ojN0uHSQ=="],

    "tr46": ["tr46@0.0.3", "", {}, "sha512-N3WMsuqV66lT30CrXNbEjx4GEwlow3v6rr4mCcv6prnfwhS01rkgyFdjPNBYd9br7LpXV1+Emh01fHnq2Gdgrw=="],

    "tslib": ["tslib@2.8.1", "", {}, "sha512-oJFu94HQb+KVduSUQL7wnpmqnfmLsOA/nAh6b6EH0wCEoK0/mPeXU6c3wKDV83MkOuHPRHtSXKKU99IBazS/2w=="],

    "tsyringe": ["tsyringe@4.10.0", "", { "dependencies": { "tslib": "^1.9.3" } }, "sha512-axr3IdNuVIxnaK5XGEUFTu3YmAQ6lllgrvqfEoR16g/HGnYY/6We4oWENtAnzK6/LpJ2ur9PAb80RBt7/U4ugw=="],

    "typescript": ["typescript@5.9.3", "", { "bin": { "tsc": "bin/tsc", "tsserver": "bin/tsserver" } }, "sha512-jl1vZzPDinLr9eUt3J/t7V6FgNEw9QjvBPdysz9KfQDD41fQrC2Y4vKQdiaUpFT4bXlb1RHhLpp8wtm6M5TgSw=="],

    "undici-types": ["undici-types@6.21.0", "", {}, "sha512-iwDZqg0QAGrg9Rav5H4n0M64c3mkR59cJ6wQp+7C4nI0gsmExaedaYLNO44eT4AtBBwjbTiGPMlt2Md0T9H9JQ=="],

    "viem": ["viem@2.56.3", "", { "dependencies": { "@noble/curves": "1.9.1", "@noble/hashes": "1.8.0", "@scure/bip32": "1.7.0", "@scure/bip39": "1.6.0", "abitype": "1.2.3", "isows": "1.0.7", "ox": "0.14.44", "ws": "8.21.0" }, "peerDependencies": { "typescript": ">=5.0.4" }, "optionalPeers": ["typescript"] }, "sha512-vUObq3GO7D3lz9gPNEE/xd5jIUnMbeVDWewh252o54pDEDlW4pDe6FEd/qTGL5RyK52cGHMM7kQ3wjxhilEvkQ=="],

    "webidl-conversions": ["webidl-conversions@3.0.1", "", {}, "sha512-2JAn3z8AR6rjK8Sm8orRC0h/bcl/DqL7tRPdGZ4I1CjdF+EaMLmYxBHyXuKL849eucPFhvBoxMsflfOb8kxaeQ=="],

    "whatwg-url": ["whatwg-url@5.0.0", "", { "dependencies": { "tr46": "~0.0.3", "webidl-conversions": "^3.0.0" } }, "sha512-saE57nupxk6v3HY35+jzBwYa0rKSy0XR8JSxZPwgLr7ys0IBzhGviA1/TUGJLmSVqs8pb9AnvICXEuOHLprYTw=="],

    "ws": ["ws@8.21.0", "", { "peerDependencies": { "bufferutil": "^4.0.1", "utf-8-validate": ">=5.0.2" }, "optionalPeers": ["bufferutil", "utf-8-validate"] }, "sha512-Vsp28b7DRcimFQvrqu2Wek3z1iYxDCWqHYB8Qsnk/S4RfaCQzPGPyBNuVjJV3cd6UiKtUtp6sNM77gWvzcCH+g=="],

    "@turnkey/crypto/@noble/curves": ["@noble/curves@1.9.0", "", { "dependencies": { "@noble/hashes": "1.8.0" } }, "sha512-7YDlXiNMdO1YZeH6t/kvopHHbIZzlxrCV9WLqCY6QhcXOoXiNCMDqJIglZ9Yjx5+w7Dz30TITFrlTjnRg7sKEg=="],

    "tsyringe/tslib": ["tslib@1.14.1", "", {}, "sha512-Xni35NKzjgMrwevysHTCArtLDpPvye8zV/0E4EyYn43P7/7qvQwPh9BGkHewbMulVntbigmcT7rdX3BNo9wRJg=="],
  }
}
